
Microsoft Visual Studio Solution File, Format Version 12.00
# Visual Studio 2013
VisualStudioVersion = 12.0.30501.0
MinimumVisualStudioVersion = 10.0.40219.1
Project("{FAE04EC0-301F-11D3-BF4B-00C04F79EFBC}") = "ANN", "ANN\ANN.csproj", "{7E08EC99-7AF8-4380-B94E-CE7302FE4444}"
EndProject
Project("{F088123C-0E9E-452A-89E6-6BA2F21D5CAC}") = "ModelingProject2", "ModelingProject2\ModelingProject2.modelproj", "{F7A83978-D0D8-471B-8E5A-A7500D9C7357}"
EndProject
Global
	GlobalSection(SolutionConfigurationPlatforms) = preSolution
		Debug|Any CPU = Debug|Any CPU
		Release|Any CPU = Release|Any CPU
	EndGlobalSection
	GlobalSection(ProjectConfigurationPlatforms) = postSolution
		{7E08EC99-7AF8-4380-B94E-CE7302FE4444}.Debug|Any CPU.ActiveCfg = Debug|Any CPU
		{7E08EC99-7AF8-4380-B94E-CE7302FE4444}.Debug|Any CPU.Build.0 = Debug|Any CPU
		{7E08EC99-7AF8-4380-B94E-CE7302FE4444}.Release|Any CPU.ActiveCfg = Release|Any CPU
		{7E08EC99-7AF8-4380-B94E-CE7302FE4444}.Release|Any CPU.Build.0 = Release|Any CPU
		{F7A83978-D0D8-471B-8E5A-A7500D9C7357}.Debug|Any CPU.ActiveCfg = Debug|Any CPU
		{F7A83978-D0D8-471B-8E5A-A7500D9C7357}.Debug|Any CPU.Build.0 = Debug|Any CPU
		{F7A83978-D0D8-471B-8E5A-A7500D9C7357}.Release|Any CPU.ActiveCfg = Release|Any CPU
		{F7A83978-D0D8-471B-8E5A-A7500D9C7357}.Release|Any CPU.Build.0 = Release|Any CPU
	EndGlobalSection
	GlobalSection(SolutionProperties) = preSolution
		HideSolutionNode = FALSE
	EndGlobalSection
EndGlobal
